
Microsoft Visual Studio Solution File, Format Version 12.00
# Visual Studio Version 17
VisualStudioVersion = 17.2.32616.157
MinimumVisualStudioVersion = 10.0.40219.1
Project("{888888A0-9F3D-457C-B088-3A5042F75D52}") = "ManhwaToEbookStandardizer", "ManwhaToEbookStandardizer\ManhwaToEbookStandardizer.pyproj", "{641465ED-EE37-4CC6-88A6-3DE5F7B44CFD}"
EndProject
Global
	GlobalSection(SolutionConfigurationPlatforms) = preSolution
		Debug|Any CPU = Debug|Any CPU
		Release|Any CPU = Release|Any CPU
	EndGlobalSection
	GlobalSection(ProjectConfigurationPlatforms) = postSolution
		{641465ED-EE37-4CC6-88A6-3DE5F7B44CFD}.Debug|Any CPU.ActiveCfg = Debug|Any CPU
		{641465ED-EE37-4CC6-88A6-3DE5F7B44CFD}.Release|Any CPU.ActiveCfg = Release|Any CPU
	EndGlobalSection
	GlobalSection(SolutionProperties) = preSolution
		HideSolutionNode = FALSE
	EndGlobalSection
	GlobalSection(ExtensibilityGlobals) = postSolution
		SolutionGuid = {064D5858-F829-43B0-9132-9BE24CF9F2EE}
	EndGlobalSection
EndGlobal
